// !$*UTF8*$!
{
	archiveVersion = 1;
	classes = {
	};
	objectVersion = 56;
	objects = {

/* Begin PBXBuildFile section */
		6FA91AC0EA36378C73B373D0 /* Pods_GameBrowserTests.framework in Frameworks */ = {isa = PBXBuildFile; fileRef = 6C3780FF281C082114C4A470 /* Pods_GameBrowserTests.framework */; };
		75E94E272CBE79720002C4A3 /* AppDelegate.swift in Sources */ = {isa = PBXBuildFile; fileRef = 75E94E262CBE79720002C4A3 /* AppDelegate.swift */; };
		75E94E292CBE79720002C4A3 /* SceneDelegate.swift in Sources */ = {isa = PBXBuildFile; fileRef = 75E94E282CBE79720002C4A3 /* SceneDelegate.swift */; };
		75E94E2B2CBE79720002C4A3 /* ViewController.swift in Sources */ = {isa = PBXBuildFile; fileRef = 75E94E2A2CBE79720002C4A3 /* ViewController.swift */; };
		75E94E2E2CBE79720002C4A3 /* Base in Resources */ = {isa = PBXBuildFile; fileRef = 75E94E2D2CBE79720002C4A3 /* Base */; };
		75E94E302CBE79730002C4A3 /* Assets.xcassets in Resources */ = {isa = PBXBuildFile; fileRef = 75E94E2F2CBE79730002C4A3 /* Assets.xcassets */; };
		75E94E332CBE79730002C4A3 /* Base in Resources */ = {isa = PBXBuildFile; fileRef = 75E94E322CBE79730002C4A3 /* Base */; };
		75E94E3E2CBE79730002C4A3 /* GameBrowserTests.swift in Sources */ = {isa = PBXBuildFile; fileRef = 75E94E3D2CBE79730002C4A3 /* GameBrowserTests.swift */; };
		75E94E482CBE79730002C4A3 /* GameBrowserUITests.swift in Sources */ = {isa = PBXBuildFile; fileRef = 75E94E472CBE79730002C4A3 /* GameBrowserUITests.swift */; };
		75E94E4A2CBE79730002C4A3 /* GameBrowserUITestsLaunchTests.swift in Sources */ = {isa = PBXBuildFile; fileRef = 75E94E492CBE79730002C4A3 /* GameBrowserUITestsLaunchTests.swift */; };
		A2022FAF2115491B21EEFE79 /* Pods_GameBrowser_GameBrowserUITests.framework in Frameworks */ = {isa = PBXBuildFile; fileRef = D71137B3BFE9DEF211848505 /* Pods_GameBrowser_GameBrowserUITests.framework */; };
		BAC63CE8C0E459759BB2A640 /* Pods_GameBrowser.framework in Frameworks */ = {isa = PBXBuildFile; fileRef = DEC1C737F9B37C6D91EA0B4C /* Pods_GameBrowser.framework */; };
/* End PBXBuildFile section */

/* Begin PBXContainerItemProxy section */
		75E94E3A2CBE79730002C4A3 /* PBXContainerItemProxy */ = {
			isa = PBXContainerItemProxy;
			containerPortal = 75E94E1B2CBE79720002C4A3 /* Project object */;
			proxyType = 1;
			remoteGlobalIDString = 75E94E222CBE79720002C4A3;
			remoteInfo = GameBrowser;
		};
		75E94E442CBE79730002C4A3 /* PBXContainerItemProxy */ = {
			isa = PBXContainerItemProxy;
			containerPortal = 75E94E1B2CBE79720002C4A3 /* Project object */;
			proxyType = 1;
			remoteGlobalIDString = 75E94E222CBE79720002C4A3;
			remoteInfo = GameBrowser;
		};
/* End PBXContainerItemProxy section */

/* Begin PBXFileReference section */
		537B6E3DFC41C2EA578AC180 /* Pods-GameBrowser.debug.xcconfig */ = {isa = PBXFileReference; includeInIndex = 1; lastKnownFileType = text.xcconfig; name = "Pods-GameBrowser.debug.xcconfig"; path = "Target Support Files/Pods-GameBrowser/Pods-GameBrowser.debug.xcconfig"; sourceTree = "<group>"; };
		6C3780FF281C082114C4A470 /* Pods_GameBrowserTests.framework */ = {isa = PBXFileReference; explicitFileType = wrapper.framework; includeInIndex = 0; path = Pods_GameBrowserTests.framework; sourceTree = BUILT_PRODUCTS_DIR; };
		75E94E232CBE79720002C4A3 /* GameBrowser.app */ = {isa = PBXFileReference; explicitFileType = wrapper.application; includeInIndex = 0; path = GameBrowser.app; sourceTree = BUILT_PRODUCTS_DIR; };
		75E94E262CBE79720002C4A3 /* AppDelegate.swift */ = {isa = PBXFileReference; lastKnownFileType = sourcecode.swift; path = AppDelegate.swift; sourceTree = "<group>"; };
		75E94E282CBE79720002C4A3 /* SceneDelegate.swift */ = {isa = PBXFileReference; lastKnownFileType = sourcecode.swift; path = SceneDelegate.swift; sourceTree = "<group>"; };
		75E94E2A2CBE79720002C4A3 /* ViewController.swift */ = {isa = PBXFileReference; lastKnownFileType = sourcecode.swift; path = ViewController.swift; sourceTree = "<group>"; };
		75E94E2D2CBE79720002C4A3 /* Base */ = {isa = PBXFileReference; lastKnownFileType = file.storyboard; name = Base; path = Base.lproj/Main.storyboard; sourceTree = "<group>"; };
		75E94E2F2CBE79730002C4A3 /* Assets.xcassets */ = {isa = PBXFileReference; lastKnownFileType = folder.assetcatalog; path = Assets.xcassets; sourceTree = "<group>"; };
		75E94E322CBE79730002C4A3 /* Base */ = {isa = PBXFileReference; lastKnownFileType = file.storyboard; name = Base; path = Base.lproj/LaunchScreen.storyboard; sourceTree = "<group>"; };
		75E94E342CBE79730002C4A3 /* Info.plist */ = {isa = PBXFileReference; lastKnownFileType = text.plist.xml; path = Info.plist; sourceTree = "<group>"; };
		75E94E392CBE79730002C4A3 /* GameBrowserTests.xctest */ = {isa = PBXFileReference; explicitFileType = wrapper.cfbundle; includeInIndex = 0; path = GameBrowserTests.xctest; sourceTree = BUILT_PRODUCTS_DIR; };
		75E94E3D2CBE79730002C4A3 /* GameBrowserTests.swift */ = {isa = PBXFileReference; lastKnownFileType = sourcecode.swift; path = GameBrowserTests.swift; sourceTree = "<group>"; };
		75E94E432CBE79730002C4A3 /* GameBrowserUITests.xctest */ = {isa = PBXFileReference; explicitFileType = wrapper.cfbundle; includeInIndex = 0; path = GameBrowserUITests.xctest; sourceTree = BUILT_PRODUCTS_DIR; };
		75E94E472CBE79730002C4A3 /* GameBrowserUITests.swift */ = {isa = PBXFileReference; lastKnownFileType = sourcecode.swift; path = GameBrowserUITests.swift; sourceTree = "<group>"; };
		75E94E492CBE79730002C4A3 /* GameBrowserUITestsLaunchTests.swift */ = {isa = PBXFileReference; lastKnownFileType = sourcecode.swift; path = GameBrowserUITestsLaunchTests.swift; sourceTree = "<group>"; };
		76739B13047249F5CA699F79 /* Pods-GameBrowserTests.release.xcconfig */ = {isa = PBXFileReference; includeInIndex = 1; lastKnownFileType = text.xcconfig; name = "Pods-GameBrowserTests.release.xcconfig"; path = "Target Support Files/Pods-GameBrowserTests/Pods-GameBrowserTests.release.xcconfig"; sourceTree = "<group>"; };
		857DC2AE80F8FE970E417064 /* Pods-GameBrowser-GameBrowserUITests.release.xcconfig */ = {isa = PBXFileReference; includeInIndex = 1; lastKnownFileType = text.xcconfig; name = "Pods-GameBrowser-GameBrowserUITests.release.xcconfig"; path = "Target Support Files/Pods-GameBrowser-GameBrowserUITests/Pods-GameBrowser-GameBrowserUITests.release.xcconfig"; sourceTree = "<group>"; };
		91DA47A7D303E188A4766C95 /* Pods-GameBrowser-GameBrowserUITests.debug.xcconfig */ = {isa = PBXFileReference; includeInIndex = 1; lastKnownFileType = text.xcconfig; name = "Pods-GameBrowser-GameBrowserUITests.debug.xcconfig"; path = "Target Support Files/Pods-GameBrowser-GameBrowserUITests/Pods-GameBrowser-GameBrowserUITests.debug.xcconfig"; sourceTree = "<group>"; };
		C749DF45D2970DE094514DA4 /* Pods-GameBrowser.release.xcconfig */ = {isa = PBXFileReference; includeInIndex = 1; lastKnownFileType = text.xcconfig; name = "Pods-GameBrowser.release.xcconfig"; path = "Target Support Files/Pods-GameBrowser/Pods-GameBrowser.release.xcconfig"; sourceTree = "<group>"; };
		D71137B3BFE9DEF211848505 /* Pods_GameBrowser_GameBrowserUITests.framework */ = {isa = PBXFileReference; explicitFileType = wrapper.framework; includeInIndex = 0; path = Pods_GameBrowser_GameBrowserUITests.framework; sourceTree = BUILT_PRODUCTS_DIR; };
		DEC1C737F9B37C6D91EA0B4C /* Pods_GameBrowser.framework */ = {isa = PBXFileReference; explicitFileType = wrapper.framework; includeInIndex = 0; path = Pods_GameBrowser.framework; sourceTree = BUILT_PRODUCTS_DIR; };
		F740E63A06969140B81DF5F8 /* Pods-GameBrowserTests.debug.xcconfig */ = {isa = PBXFileReference; includeInIndex = 1; lastKnownFileType = text.xcconfig; name = "Pods-GameBrowserTests.debug.xcconfig"; path = "Target Support Files/Pods-GameBrowserTests/Pods-GameBrowserTests.debug.xcconfig"; sourceTree = "<group>"; };
/* End PBXFileReference section */

/* Begin PBXFrameworksBuildPhase section */
		75E94E202CBE79720002C4A3 /* Frameworks */ = {
			isa = PBXFrameworksBuildPhase;
			buildActionMask = 2147483647;
			files = (
				BAC63CE8C0E459759BB2A640 /* Pods_GameBrowser.framework in Frameworks */,
			);
			runOnlyForDeploymentPostprocessing = 0;
		};
		75E94E362CBE79730002C4A3 /* Frameworks */ = {
			isa = PBXFrameworksBuildPhase;
			buildActionMask = 2147483647;
			files = (
				6FA91AC0EA36378C73B373D0 /* Pods_GameBrowserTests.framework in Frameworks */,
			);
			runOnlyForDeploymentPostprocessing = 0;
		};
		75E94E402CBE79730002C4A3 /* Frameworks */ = {
			isa = PBXFrameworksBuildPhase;
			buildActionMask = 2147483647;
			files = (
				A2022FAF2115491B21EEFE79 /* Pods_GameBrowser_GameBrowserUITests.framework in Frameworks */,
			);
			runOnlyForDeploymentPostprocessing = 0;
		};
/* End PBXFrameworksBuildPhase section */

/* Begin PBXGroup section */
		75E94E1A2CBE79720002C4A3 = {
			isa = PBXGroup;
			children = (
				75E94E252CBE79720002C4A3 /* GameBrowser */,
				75E94E3C2CBE79730002C4A3 /* GameBrowserTests */,
				75E94E462CBE79730002C4A3 /* GameBrowserUITests */,
				75E94E242CBE79720002C4A3 /* Products */,
				8DB8ED1552439BD1AC13E45C /* Pods */,
				8B4CA4C2A2994C82DC3008ED /* Frameworks */,
			);
			sourceTree = "<group>";
		};
		75E94E242CBE79720002C4A3 /* Products */ = {
			isa = PBXGroup;
			children = (
				75E94E232CBE79720002C4A3 /* GameBrowser.app */,
				75E94E392CBE79730002C4A3 /* GameBrowserTests.xctest */,
				75E94E432CBE79730002C4A3 /* GameBrowserUITests.xctest */,
			);
			name = Products;
			sourceTree = "<group>";
		};
		75E94E252CBE79720002C4A3 /* GameBrowser */ = {
			isa = PBXGroup;
			children = (
				75E94E262CBE79720002C4A3 /* AppDelegate.swift */,
				75E94E282CBE79720002C4A3 /* SceneDelegate.swift */,
				75E94E2A2CBE79720002C4A3 /* ViewController.swift */,
				75E94E2C2CBE79720002C4A3 /* Main.storyboard */,
				75E94E2F2CBE79730002C4A3 /* Assets.xcassets */,
				75E94E312CBE79730002C4A3 /* LaunchScreen.storyboard */,
				75E94E342CBE79730002C4A3 /* Info.plist */,
			);
			path = GameBrowser;
			sourceTree = "<group>";
		};
		75E94E3C2CBE79730002C4A3 /* GameBrowserTests */ = {
			isa = PBXGroup;
			children = (
				75E94E3D2CBE79730002C4A3 /* GameBrowserTests.swift */,
			);
			path = GameBrowserTests;
			sourceTree = "<group>";
		};
		75E94E462CBE79730002C4A3 /* GameBrowserUITests */ = {
			isa = PBXGroup;
			children = (
				75E94E472CBE79730002C4A3 /* GameBrowserUITests.swift */,
				75E94E492CBE79730002C4A3 /* GameBrowserUITestsLaunchTests.swift */,
			);
			path = GameBrowserUITests;
			sourceTree = "<group>";
		};
		8B4CA4C2A2994C82DC3008ED /* Frameworks */ = {
			isa = PBXGroup;
			children = (
				DEC1C737F9B37C6D91EA0B4C /* Pods_GameBrowser.framework */,
				D71137B3BFE9DEF211848505 /* Pods_GameBrowser_GameBrowserUITests.framework */,
				6C3780FF281C082114C4A470 /* Pods_GameBrowserTests.framework */,
			);
			name = Frameworks;
			sourceTree = "<group>";
		};
		8DB8ED1552439BD1AC13E45C /* Pods */ = {
			isa = PBXGroup;
			children = (
				537B6E3DFC41C2EA578AC180 /* Pods-GameBrowser.debug.xcconfig */,
				C749DF45D2970DE094514DA4 /* Pods-GameBrowser.release.xcconfig */,
				91DA47A7D303E188A4766C95 /* Pods-GameBrowser-GameBrowserUITests.debug.xcconfig */,
				857DC2AE80F8FE970E417064 /* Pods-GameBrowser-GameBrowserUITests.release.xcconfig */,
				F740E63A06969140B81DF5F8 /* Pods-GameBrowserTests.debug.xcconfig */,
				76739B13047249F5CA699F79 /* Pods-GameBrowserTests.release.xcconfig */,
			);
			name = Pods;
			path = Pods;
			sourceTree = "<group>";
		};
/* End PBXGroup section */

/* Begin PBXNativeTarget section */
		75E94E222CBE79720002C4A3 /* GameBrowser */ = {
			isa = PBXNativeTarget;
			buildConfigurationList = 75E94E4D2CBE79730002C4A3 /* Build configuration list for PBXNativeTarget "GameBrowser" */;
			buildPhases = (
				B9069CABBFB93AEA7092E711 /* [CP] Check Pods Manifest.lock */,
				75E94E1F2CBE79720002C4A3 /* Sources */,
				75E94E202CBE79720002C4A3 /* Frameworks */,
				75E94E212CBE79720002C4A3 /* Resources */,
			);
			buildRules = (
			);
			dependencies = (
			);
			name = GameBrowser;
			productName = GameBrowser;
			productReference = 75E94E232CBE79720002C4A3 /* GameBrowser.app */;
			productType = "com.apple.product-type.application";
		};
		75E94E382CBE79730002C4A3 /* GameBrowserTests */ = {
			isa = PBXNativeTarget;
			buildConfigurationList = 75E94E502CBE79730002C4A3 /* Build configuration list for PBXNativeTarget "GameBrowserTests" */;
			buildPhases = (
				B756EB70AE63CF9341A1361B /* [CP] Check Pods Manifest.lock */,
				75E94E352CBE79730002C4A3 /* Sources */,
				75E94E362CBE79730002C4A3 /* Frameworks */,
				75E94E372CBE79730002C4A3 /* Resources */,
			);
			buildRules = (
			);
			dependencies = (
				75E94E3B2CBE79730002C4A3 /* PBXTargetDependency */,
			);
			name = GameBrowserTests;
			productName = GameBrowserTests;
			productReference = 75E94E392CBE79730002C4A3 /* GameBrowserTests.xctest */;
			productType = "com.apple.product-type.bundle.unit-test";
		};
		75E94E422CBE79730002C4A3 /* GameBrowserUITests */ = {
			isa = PBXNativeTarget;
			buildConfigurationList = 75E94E532CBE79730002C4A3 /* Build configuration list for PBXNativeTarget "GameBrowserUITests" */;
			buildPhases = (
				F447B91E4EB13775BD699A9D /* [CP] Check Pods Manifest.lock */,
				75E94E3F2CBE79730002C4A3 /* Sources */,
				75E94E402CBE79730002C4A3 /* Frameworks */,
				75E94E412CBE79730002C4A3 /* Resources */,
			);
			buildRules = (
			);
			dependencies = (
				75E94E452CBE79730002C4A3 /* PBXTargetDependency */,
			);
			name = GameBrowserUITests;
			productName = GameBrowserUITests;
			productReference = 75E94E432CBE79730002C4A3 /* GameBrowserUITests.xctest */;
			productType = "com.apple.product-type.bundle.ui-testing";
		};
/* End PBXNativeTarget section */

/* Begin PBXProject section */
		75E94E1B2CBE79720002C4A3 /* Project object */ = {
			isa = PBXProject;
			attributes = {
				BuildIndependentTargetsInParallel = 1;
				LastSwiftUpdateCheck = 1540;
				LastUpgradeCheck = 1540;
				TargetAttributes = {
					75E94E222CBE79720002C4A3 = {
						CreatedOnToolsVersion = 15.4;
					};
					75E94E382CBE79730002C4A3 = {
						CreatedOnToolsVersion = 15.4;
						TestTargetID = 75E94E222CBE79720002C4A3;
					};
					75E94E422CBE79730002C4A3 = {
						CreatedOnToolsVersion = 15.4;
						TestTargetID = 75E94E222CBE79720002C4A3;
					};
				};
			};
			buildConfigurationList = 75E94E1E2CBE79720002C4A3 /* Build configuration list for PBXProject "GameBrowser" */;
			compatibilityVersion = "Xcode 14.0";
			developmentRegion = en;
			hasScannedForEncodings = 0;
			knownRegions = (
				en,
				Base,
			);
			mainGroup = 75E94E1A2CBE79720002C4A3;
			productRefGroup = 75E94E242CBE79720002C4A3 /* Products */;
			projectDirPath = "";
			projectRoot = "";
			targets = (
				75E94E222CBE79720002C4A3 /* GameBrowser */,
				75E94E382CBE79730002C4A3 /* GameBrowserTests */,
				75E94E422CBE79730002C4A3 /* GameBrowserUITests */,
			);
		};
/* End PBXProject section */

/* Begin PBXResourcesBuildPhase section */
		75E94E212CBE79720002C4A3 /* Resources */ = {
			isa = PBXResourcesBuildPhase;
			buildActionMask = 2147483647;
			files = (
				75E94E302CBE79730002C4A3 /* Assets.xcassets in Resources */,
				75E94E332CBE79730002C4A3 /* Base in Resources */,
				75E94E2E2CBE79720002C4A3 /* Base in Resources */,
			);
			runOnlyForDeploymentPostprocessing = 0;
		};
		75E94E372CBE79730002C4A3 /* Resources */ = {
			isa = PBXResourcesBuildPhase;
			buildActionMask = 2147483647;
			files = (
			);
			runOnlyForDeploymentPostprocessing = 0;
		};
		75E94E412CBE79730002C4A3 /* Resources */ = {
			isa = PBXResourcesBuildPhase;
			buildActionMask = 2147483647;
			files = (
			);
			runOnlyForDeploymentPostprocessing = 0;
		};
/* End PBXResourcesBuildPhase section */

/* Begin PBXShellScriptBuildPhase section */
		B756EB70AE63CF9341A1361B /* [CP] Check Pods Manifest.lock */ = {
			isa = PBXShellScriptBuildPhase;
			buildActionMask = 2147483647;
			files = (
			);
			inputFileListPaths = (
			);
			inputPaths = (
				"${PODS_PODFILE_DIR_PATH}/Podfile.lock",
				"${PODS_ROOT}/Manifest.lock",
			);
			name = "[CP] Check Pods Manifest.lock";
			outputFileListPaths = (
			);
			outputPaths = (
				"$(DERIVED_FILE_DIR)/Pods-GameBrowserTests-checkManifestLockResult.txt",
			);
			runOnlyForDeploymentPostprocessing = 0;
			shellPath = /bin/sh;
			shellScript = "diff \"${PODS_PODFILE_DIR_PATH}/Podfile.lock\" \"${PODS_ROOT}/Manifest.lock\" > /dev/null\nif [ $? != 0 ] ; then\n    # print error to STDERR\n    echo \"error: The sandbox is not in sync with the Podfile.lock. Run 'pod install' or update your CocoaPods installation.\" >&2\n    exit 1\nfi\n# This output is used by Xcode 'outputs' to avoid re-running this script phase.\necho \"SUCCESS\" > \"${SCRIPT_OUTPUT_FILE_0}\"\n";
			showEnvVarsInLog = 0;
		};
		B9069CABBFB93AEA7092E711 /* [CP] Check Pods Manifest.lock */ = {
			isa = PBXShellScriptBuildPhase;
			buildActionMask = 2147483647;
			files = (
			);
			inputFileListPaths = (
			);
			inputPaths = (
				"${PODS_PODFILE_DIR_PATH}/Podfile.lock",
				"${PODS_ROOT}/Manifest.lock",
			);
			name = "[CP] Check Pods Manifest.lock";
			outputFileListPaths = (
			);
			outputPaths = (
				"$(DERIVED_FILE_DIR)/Pods-GameBrowser-checkManifestLockResult.txt",
			);
			runOnlyForDeploymentPostprocessing = 0;
			shellPath = /bin/sh;
			shellScript = "diff \"${PODS_PODFILE_DIR_PATH}/Podfile.lock\" \"${PODS_ROOT}/Manifest.lock\" > /dev/null\nif [ $? != 0 ] ; then\n    # print error to STDERR\n    echo \"error: The sandbox is not in sync with the Podfile.lock. Run 'pod install' or update your CocoaPods installation.\" >&2\n    exit 1\nfi\n# This output is used by Xcode 'outputs' to avoid re-running this script phase.\necho \"SUCCESS\" > \"${SCRIPT_OUTPUT_FILE_0}\"\n";
			showEnvVarsInLog = 0;
		};
		F447B91E4EB13775BD699A9D /* [CP] Check Pods Manifest.lock */ = {
			isa = PBXShellScriptBuildPhase;
			buildActionMask = 2147483647;
			files = (
			);
			inputFileListPaths = (
			);
			inputPaths = (
				"${PODS_PODFILE_DIR_PATH}/Podfile.lock",
				"${PODS_ROOT}/Manifest.lock",
			);
			name = "[CP] Check Pods Manifest.lock";
			outputFileListPaths = (
			);
			outputPaths = (
				"$(DERIVED_FILE_DIR)/Pods-GameBrowser-GameBrowserUITests-checkManifestLockResult.txt",
			);
			runOnlyForDeploymentPostprocessing = 0;
			shellPath = /bin/sh;
			shellScript = "diff \"${PODS_PODFILE_DIR_PATH}/Podfile.lock\" \"${PODS_ROOT}/Manifest.lock\" > /dev/null\nif [ $? != 0 ] ; then\n    # print error to STDERR\n    echo \"error: The sandbox is not in sync with the Podfile.lock. Run 'pod install' or update your CocoaPods installation.\" >&2\n    exit 1\nfi\n# This output is used by Xcode 'outputs' to avoid re-running this script phase.\necho \"SUCCESS\" > \"${SCRIPT_OUTPUT_FILE_0}\"\n";
			showEnvVarsInLog = 0;
		};
/* End PBXShellScriptBuildPhase section */

/* Begin PBXSourcesBuildPhase section */
		75E94E1F2CBE79720002C4A3 /* Sources */ = {
			isa = PBXSourcesBuildPhase;
			buildActionMask = 2147483647;
			files = (
				75E94E2B2CBE79720002C4A3 /* ViewController.swift in Sources */,
				75E94E272CBE79720002C4A3 /* AppDelegate.swift in Sources */,
				75E94E292CBE79720002C4A3 /* SceneDelegate.swift in Sources */,
			);
			runOnlyForDeploymentPostprocessing = 0;
		};
		75E94E352CBE79730002C4A3 /* Sources */ = {
			isa = PBXSourcesBuildPhase;
			buildActionMask = 2147483647;
			files = (
				75E94E3E2CBE79730002C4A3 /* GameBrowserTests.swift in Sources */,
			);
			runOnlyForDeploymentPostprocessing = 0;
		};
		75E94E3F2CBE79730002C4A3 /* Sources */ = {
			isa = PBXSourcesBuildPhase;
			buildActionMask = 2147483647;
			files = (
				75E94E482CBE79730002C4A3 /* GameBrowserUITests.swift in Sources */,
				75E94E4A2CBE79730002C4A3 /* GameBrowserUITestsLaunchTests.swift in Sources */,
			);
			runOnlyForDeploymentPostprocessing = 0;
		};
/* End PBXSourcesBuildPhase section */

/* Begin PBXTargetDependency section */
		75E94E3B2CBE79730002C4A3 /* PBXTargetDependency */ = {
			isa = PBXTargetDependency;
			target = 75E94E222CBE79720002C4A3 /* GameBrowser */;
			targetProxy = 75E94E3A2CBE79730002C4A3 /* PBXContainerItemProxy */;
		};
		75E94E452CBE79730002C4A3 /* PBXTargetDependency */ = {
			isa = PBXTargetDependency;
			target = 75E94E222CBE79720002C4A3 /* GameBrowser */;
			targetProxy = 75E94E442CBE79730002C4A3 /* PBXContainerItemProxy */;
		};
/* End PBXTargetDependency section */

/* Begin PBXVariantGroup section */
		75E94E2C2CBE79720002C4A3 /* Main.storyboard */ = {
			isa = PBXVariantGroup;
			children = (
				75E94E2D2CBE79720002C4A3 /* Base */,
			);
			name = Main.storyboard;
			sourceTree = "<group>";
		};
		75E94E312CBE79730002C4A3 /* LaunchScreen.storyboard */ = {
			isa = PBXVariantGroup;
			children = (
				75E94E322CBE79730002C4A3 /* Base */,
			);
			name = LaunchScreen.storyboard;
			sourceTree = "<group>";
		};
/* End PBXVariantGroup section */

/* Begin XCBuildConfiguration section */
		75E94E4B2CBE79730002C4A3 /* Debug */ = {
			isa = XCBuildConfiguration;
			buildSettings = {
				ALWAYS_SEARCH_USER_PATHS = NO;
				ASSETCATALOG_COMPILER_GENERATE_SWIFT_ASSET_SYMBOL_EXTENSIONS = YES;
				CLANG_ANALYZER_NONNULL = YES;
				CLANG_ANALYZER_NUMBER_OBJECT_CONVERSION = YES_AGGRESSIVE;
				CLANG_CXX_LANGUAGE_STANDARD = "gnu++20";
				CLANG_ENABLE_MODULES = YES;
				CLANG_ENABLE_OBJC_ARC = YES;
				CLANG_ENABLE_OBJC_WEAK = YES;
				CLANG_WARN_BLOCK_CAPTURE_AUTORELEASING = YES;
				CLANG_WARN_BOOL_CONVERSION = YES;
				CLANG_WARN_COMMA = YES;
				CLANG_WARN_CONSTANT_CONVERSION = YES;
				CLANG_WARN_DEPRECATED_OBJC_IMPLEMENTATIONS = YES;
				CLANG_WARN_DIRECT_OBJC_ISA_USAGE = YES_ERROR;
				CLANG_WARN_DOCUMENTATION_COMMENTS = YES;
				CLANG_WARN_EMPTY_BODY = YES;
				CLANG_WARN_ENUM_CONVERSION = YES;
				CLANG_WARN_INFINITE_RECURSION = YES;
				CLANG_WARN_INT_CONVERSION = YES;
				CLANG_WARN_NON_LITERAL_NULL_CONVERSION = YES;
				CLANG_WARN_OBJC_IMPLICIT_RETAIN_SELF = YES;
				CLANG_WARN_OBJC_LITERAL_CONVERSION = YES;
				CLANG_WARN_OBJC_ROOT_CLASS = YES_ERROR;
				CLANG_WARN_QUOTED_INCLUDE_IN_FRAMEWORK_HEADER = YES;
				CLANG_WARN_RANGE_LOOP_ANALYSIS = YES;
				CLANG_WARN_STRICT_PROTOTYPES = YES;
				CLANG_WARN_SUSPICIOUS_MOVE = YES;
				CLANG_WARN_UNGUARDED_AVAILABILITY = YES_AGGRESSIVE;
				CLANG_WARN_UNREACHABLE_CODE = YES;
				CLANG_WARN__DUPLICATE_METHOD_MATCH = YES;
				COPY_PHASE_STRIP = NO;
				DEBUG_INFORMATION_FORMAT = dwarf;
				ENABLE_STRICT_OBJC_MSGSEND = YES;
				ENABLE_TESTABILITY = YES;
				ENABLE_USER_SCRIPT_SANDBOXING = YES;
				GCC_C_LANGUAGE_STANDARD = gnu17;
				GCC_DYNAMIC_NO_PIC = NO;
				GCC_NO_COMMON_BLOCKS = YES;
				GCC_OPTIMIZATION_LEVEL = 0;
				GCC_PREPROCESSOR_DEFINITIONS = (
					"DEBUG=1",
					"$(inherited)",
				);
				GCC_WARN_64_TO_32_BIT_CONVERSION = YES;
				GCC_WARN_ABOUT_RETURN_TYPE = YES_ERROR;
				GCC_WARN_UNDECLARED_SELECTOR = YES;
				GCC_WARN_UNINITIALIZED_AUTOS = YES_AGGRESSIVE;
				GCC_WARN_UNUSED_FUNCTION = YES;
				GCC_WARN_UNUSED_VARIABLE = YES;
				IPHONEOS_DEPLOYMENT_TARGET = 17.5;
				LOCALIZATION_PREFERS_STRING_CATALOGS = YES;
				MTL_ENABLE_DEBUG_INFO = INCLUDE_SOURCE;
				MTL_FAST_MATH = YES;
				ONLY_ACTIVE_ARCH = YES;
				SDKROOT = iphoneos;
				SWIFT_ACTIVE_COMPILATION_CONDITIONS = "DEBUG $(inherited)";
				SWIFT_OPTIMIZATION_LEVEL = "-Onone";
			};
			name = Debug;
		};
		75E94E4C2CBE79730002C4A3 /* Release */ = {
			isa = XCBuildConfiguration;
			buildSettings = {
				ALWAYS_SEARCH_USER_PATHS = NO;
				ASSETCATALOG_COMPILER_GENERATE_SWIFT_ASSET_SYMBOL_EXTENSIONS = YES;
				CLANG_ANALYZER_NONNULL = YES;
				CLANG_ANALYZER_NUMBER_OBJECT_CONVERSION = YES_AGGRESSIVE;
				CLANG_CXX_LANGUAGE_STANDARD = "gnu++20";
				CLANG_ENABLE_MODULES = YES;
				CLANG_ENABLE_OBJC_ARC = YES;
				CLANG_ENABLE_OBJC_WEAK = YES;
				CLANG_WARN_BLOCK_CAPTURE_AUTORELEASING = YES;
				CLANG_WARN_BOOL_CONVERSION = YES;
				CLANG_WARN_COMMA = YES;
				CLANG_WARN_CONSTANT_CONVERSION = YES;
				CLANG_WARN_DEPRECATED_OBJC_IMPLEMENTATIONS = YES;
				CLANG_WARN_DIRECT_OBJC_ISA_USAGE = YES_ERROR;
				CLANG_WARN_DOCUMENTATION_COMMENTS = YES;
				CLANG_WARN_EMPTY_BODY = YES;
				CLANG_WARN_ENUM_CONVERSION = YES;
				CLANG_WARN_INFINITE_RECURSION = YES;
				CLANG_WARN_INT_CONVERSION = YES;
				CLANG_WARN_NON_LITERAL_NULL_CONVERSION = YES;
				CLANG_WARN_OBJC_IMPLICIT_RETAIN_SELF = YES;
				CLANG_WARN_OBJC_LITERAL_CONVERSION = YES;
				CLANG_WARN_OBJC_ROOT_CLASS = YES_ERROR;
				CLANG_WARN_QUOTED_INCLUDE_IN_FRAMEWORK_HEADER = YES;
				CLANG_WARN_RANGE_LOOP_ANALYSIS = YES;
				CLANG_WARN_STRICT_PROTOTYPES = YES;
				CLANG_WARN_SUSPICIOUS_MOVE = YES;
				CLANG_WARN_UNGUARDED_AVAILABILITY = YES_AGGRESSIVE;
				CLANG_WARN_UNREACHABLE_CODE = YES;
				CLANG_WARN__DUPLICATE_METHOD_MATCH = YES;
				COPY_PHASE_STRIP = NO;
				DEBUG_INFORMATION_FORMAT = "dwarf-with-dsym";
				ENABLE_NS_ASSERTIONS = NO;
				ENABLE_STRICT_OBJC_MSGSEND = YES;
				ENABLE_USER_SCRIPT_SANDBOXING = YES;
				GCC_C_LANGUAGE_STANDARD = gnu17;
				GCC_NO_COMMON_BLOCKS = YES;
				GCC_WARN_64_TO_32_BIT_CONVERSION = YES;
				GCC_WARN_ABOUT_RETURN_TYPE = YES_ERROR;
				GCC_WARN_UNDECLARED_SELECTOR = YES;
				GCC_WARN_UNINITIALIZED_AUTOS = YES_AGGRESSIVE;
				GCC_WARN_UNUSED_FUNCTION = YES;
				GCC_WARN_UNUSED_VARIABLE = YES;
				IPHONEOS_DEPLOYMENT_TARGET = 17.5;
				LOCALIZATION_PREFERS_STRING_CATALOGS = YES;
				MTL_ENABLE_DEBUG_INFO = NO;
				MTL_FAST_MATH = YES;
				SDKROOT = iphoneos;
				SWIFT_COMPILATION_MODE = wholemodule;
				VALIDATE_PRODUCT = YES;
			};
			name = Release;
		};
		75E94E4E2CBE79730002C4A3 /* Debug */ = {
			isa = XCBuildConfiguration;
			baseConfigurationReference = 537B6E3DFC41C2EA578AC180 /* Pods-GameBrowser.debug.xcconfig */;
			buildSettings = {
				ASSETCATALOG_COMPILER_APPICON_NAME = AppIcon;
				ASSETCATALOG_COMPILER_GLOBAL_ACCENT_COLOR_NAME = AccentColor;
				CODE_SIGN_STYLE = Automatic;
				CURRENT_PROJECT_VERSION = 1;
				DEVELOPMENT_TEAM = 6Z5ZUQXT7L;
				GENERATE_INFOPLIST_FILE = YES;
				INFOPLIST_FILE = GameBrowser/Info.plist;
				INFOPLIST_KEY_UIApplicationSupportsIndirectInputEvents = YES;
				INFOPLIST_KEY_UILaunchStoryboardName = LaunchScreen;
				INFOPLIST_KEY_UIMainStoryboardFile = Main;
				INFOPLIST_KEY_UISupportedInterfaceOrientations_iPad = "UIInterfaceOrientationPortrait UIInterfaceOrientationPortraitUpsideDown UIInterfaceOrientationLandscapeLeft UIInterfaceOrientationLandscapeRight";
				INFOPLIST_KEY_UISupportedInterfaceOrientations_iPhone = "UIInterfaceOrientationPortrait UIInterfaceOrientationLandscapeLeft UIInterfaceOrientationLandscapeRight";
				LD_RUNPATH_SEARCH_PATHS = (
					"$(inherited)",
					"@executable_path/Frameworks",
				);
				MARKETING_VERSION = 1.0;
				PRODUCT_BUNDLE_IDENTIFIER = com.test.GameBrowser;
				PRODUCT_NAME = "$(TARGET_NAME)";
				SWIFT_EMIT_LOC_STRINGS = YES;
				SWIFT_VERSION = 5.0;
				TARGETED_DEVICE_FAMILY = "1,2";
			};
			name = Debug;
		};
		75E94E4F2CBE79730002C4A3 /* Release */ = {
			isa = XCBuildConfiguration;
			baseConfigurationReference = C749DF45D2970DE094514DA4 /* Pods-GameBrowser.release.xcconfig */;
			buildSettings = {
				ASSETCATALOG_COMPILER_APPICON_NAME = AppIcon;
				ASSETCATALOG_COMPILER_GLOBAL_ACCENT_COLOR_NAME = AccentColor;
				CODE_SIGN_STYLE = Automatic;
				CURRENT_PROJECT_VERSION = 1;
				DEVELOPMENT_TEAM = 6Z5ZUQXT7L;
				GENERATE_INFOPLIST_FILE = YES;
				INFOPLIST_FILE = GameBrowser/Info.plist;
				INFOPLIST_KEY_UIApplicationSupportsIndirectInputEvents = YES;
				INFOPLIST_KEY_UILaunchStoryboardName = LaunchScreen;
				INFOPLIST_KEY_UIMainStoryboardFile = Main;
				INFOPLIST_KEY_UISupportedInterfaceOrientations_iPad = "UIInterfaceOrientationPortrait UIInterfaceOrientationPortraitUpsideDown UIInterfaceOrientationLandscapeLeft UIInterfaceOrientationLandscapeRight";
				INFOPLIST_KEY_UISupportedInterfaceOrientations_iPhone = "UIInterfaceOrientationPortrait UIInterfaceOrientationLandscapeLeft UIInterfaceOrientationLandscapeRight";
				LD_RUNPATH_SEARCH_PATHS = (
					"$(inherited)",
					"@executable_path/Frameworks",
				);
				MARKETING_VERSION = 1.0;
				PRODUCT_BUNDLE_IDENTIFIER = com.test.GameBrowser;
				PRODUCT_NAME = "$(TARGET_NAME)";
				SWIFT_EMIT_LOC_STRINGS = YES;
				SWIFT_VERSION = 5.0;
				TARGETED_DEVICE_FAMILY = "1,2";
			};
			name = Release;
		};
		75E94E512CBE79730002C4A3 /* Debug */ = {
			isa = XCBuildConfiguration;
			baseConfigurationReference = F740E63A06969140B81DF5F8 /* Pods-GameBrowserTests.debug.xcconfig */;
			buildSettings = {
				ALWAYS_EMBED_SWIFT_STANDARD_LIBRARIES = YES;
				BUNDLE_LOADER = "$(TEST_HOST)";
				CODE_SIGN_STYLE = Automatic;
				CURRENT_PROJECT_VERSION = 1;
				DEVELOPMENT_TEAM = 6Z5ZUQXT7L;
				GENERATE_INFOPLIST_FILE = YES;
				IPHONEOS_DEPLOYMENT_TARGET = 17.5;
				MARKETING_VERSION = 1.0;
				PRODUCT_BUNDLE_IDENTIFIER = com.test.GameBrowserTests;
				PRODUCT_NAME = "$(TARGET_NAME)";
				SWIFT_EMIT_LOC_STRINGS = NO;
				SWIFT_VERSION = 5.0;
				TARGETED_DEVICE_FAMILY = "1,2";
				TEST_HOST = "$(BUILT_PRODUCTS_DIR)/GameBrowser.app/$(BUNDLE_EXECUTABLE_FOLDER_PATH)/GameBrowser";
			};
			name = Debug;
		};
		75E94E522CBE79730002C4A3 /* Release */ = {
			isa = XCBuildConfiguration;
			baseConfigurationReference = 76739B13047249F5CA699F79 /* Pods-GameBrowserTests.release.xcconfig */;
			buildSettings = {
				ALWAYS_EMBED_SWIFT_STANDARD_LIBRARIES = YES;
				BUNDLE_LOADER = "$(TEST_HOST)";
				CODE_SIGN_STYLE = Automatic;
				CURRENT_PROJECT_VERSION = 1;
				DEVELOPMENT_TEAM = 6Z5ZUQXT7L;
				GENERATE_INFOPLIST_FILE = YES;
				IPHONEOS_DEPLOYMENT_TARGET = 17.5;
				MARKETING_VERSION = 1.0;
				PRODUCT_BUNDLE_IDENTIFIER = com.test.GameBrowserTests;
				PRODUCT_NAME = "$(TARGET_NAME)";
				SWIFT_EMIT_LOC_STRINGS = NO;
				SWIFT_VERSION = 5.0;
				TARGETED_DEVICE_FAMILY = "1,2";
				TEST_HOST = "$(BUILT_PRODUCTS_DIR)/GameBrowser.app/$(BUNDLE_EXECUTABLE_FOLDER_PATH)/GameBrowser";
			};
			name = Release;
		};
		75E94E542CBE79730002C4A3 /* Debug */ = {
			isa = XCBuildConfiguration;
			baseConfigurationReference = 91DA47A7D303E188A4766C95 /* Pods-GameBrowser-GameBrowserUITests.debug.xcconfig */;
			buildSettings = {
				ALWAYS_EMBED_SWIFT_STANDARD_LIBRARIES = YES;
				CODE_SIGN_STYLE = Automatic;
				CURRENT_PROJECT_VERSION = 1;
				DEVELOPMENT_TEAM = 6Z5ZUQXT7L;
				GENERATE_INFOPLIST_FILE = YES;
				MARKETING_VERSION = 1.0;
				PRODUCT_BUNDLE_IDENTIFIER = com.test.GameBrowserUITests;
				PRODUCT_NAME = "$(TARGET_NAME)";
				SWIFT_EMIT_LOC_STRINGS = NO;
				SWIFT_VERSION = 5.0;
				TARGETED_DEVICE_FAMILY = "1,2";
				TEST_TARGET_NAME = GameBrowser;
			};
			name = Debug;
		};
		75E94E552CBE79730002C4A3 /* Release */ = {
			isa = XCBuildConfiguration;
			baseConfigurationReference = 857DC2AE80F8FE970E417064 /* Pods-GameBrowser-GameBrowserUITests.release.xcconfig */;
			buildSettings = {
				ALWAYS_EMBED_SWIFT_STANDARD_LIBRARIES = YES;
				CODE_SIGN_STYLE = Automatic;
				CURRENT_PROJECT_VERSION = 1;
				DEVELOPMENT_TEAM = 6Z5ZUQXT7L;
				GENERATE_INFOPLIST_FILE = YES;
				MARKETING_VERSION = 1.0;
				PRODUCT_BUNDLE_IDENTIFIER = com.test.GameBrowserUITests;
				PRODUCT_NAME = "$(TARGET_NAME)";
				SWIFT_EMIT_LOC_STRINGS = NO;
				SWIFT_VERSION = 5.0;
				TARGETED_DEVICE_FAMILY = "1,2";
				TEST_TARGET_NAME = GameBrowser;
			};
			name = Release;
		};
/* End XCBuildConfiguration section */

/* Begin XCConfigurationList section */
		75E94E1E2CBE79720002C4A3 /* Build configuration list for PBXProject "GameBrowser" */ = {
			isa = XCConfigurationList;
			buildConfigurations = (
				75E94E4B2CBE79730002C4A3 /* Debug */,
				75E94E4C2CBE79730002C4A3 /* Release */,
			);
			defaultConfigurationIsVisible = 0;
			defaultConfigurationName = Release;
		};
		75E94E4D2CBE79730002C4A3 /* Build configuration list for PBXNativeTarget "GameBrowser" */ = {
			isa = XCConfigurationList;
			buildConfigurations = (
				75E94E4E2CBE79730002C4A3 /* Debug */,
				75E94E4F2CBE79730002C4A3 /* Release */,
			);
			defaultConfigurationIsVisible = 0;
			defaultConfigurationName = Release;
		};
		75E94E502CBE79730002C4A3 /* Build configuration list for PBXNativeTarget "GameBrowserTests" */ = {
			isa = XCConfigurationList;
			buildConfigurations = (
				75E94E512CBE79730002C4A3 /* Debug */,
				75E94E522CBE79730002C4A3 /* Release */,
			);
			defaultConfigurationIsVisible = 0;
			defaultConfigurationName = Release;
		};
		75E94E532CBE79730002C4A3 /* Build configuration list for PBXNativeTarget "GameBrowserUITests" */ = {
			isa = XCConfigurationList;
			buildConfigurations = (
				75E94E542CBE79730002C4A3 /* Debug */,
				75E94E552CBE79730002C4A3 /* Release */,
			);
			defaultConfigurationIsVisible = 0;
			defaultConfigurationName = Release;
		};
/* End XCConfigurationList section */
	};
	rootObject = 75E94E1B2CBE79720002C4A3 /* Project object */;
}
